
Microsoft Visual Studio Solution File, Format Version 12.00
# Visual Studio Version 16
VisualStudioVersion = 16.0.28803.202
MinimumVisualStudioVersion = 10.0.40219.1
Project("{FAE04EC0-301F-11D3-BF4B-00C04F79EFBC}") = "Test", "Test\Test.csproj", "{1FD997F0-ACAB-4ABD-AB1A-66FADC29A21C}"
EndProject
Global
	GlobalSection(SolutionConfigurationPlatforms) = preSolution
		Debug|Any CPU = Debug|Any CPU
		Release|Any CPU = Release|Any CPU
	EndGlobalSection
	GlobalSection(ProjectConfigurationPlatforms) = postSolution
		{1FD997F0-ACAB-4ABD-AB1A-66FADC29A21C}.Debug|Any CPU.ActiveCfg = Debug|Any CPU
		{1FD997F0-ACAB-4ABD-AB1A-66FADC29A21C}.Debug|Any CPU.Build.0 = Debug|Any CPU
		{1FD997F0-ACAB-4ABD-AB1A-66FADC29A21C}.Release|Any CPU.ActiveCfg = Release|Any CPU
		{1FD997F0-ACAB-4ABD-AB1A-66FADC29A21C}.Release|Any CPU.Build.0 = Release|Any CPU
	EndGlobalSection
	GlobalSection(SolutionProperties) = preSolution
		HideSolutionNode = FALSE
	EndGlobalSection
	GlobalSection(ExtensibilityGlobals) = postSolution
		SolutionGuid = {4C5F1D13-EB8A-4447-9ADA-DF87AFC15C28}
	EndGlobalSection
EndGlobal
